
Microsoft Visual Studio Solution File, Format Version 12.00
# Visual Studio 16
Project("{FAE04EC0-301F-11D3-BF4B-00C04F79EFBC}") = "Assembly-CSharp", "Assembly-CSharp.csproj", "{A213FDE2-DBEA-7293-438C-47CC42254740}"
EndProject
Project("{FAE04EC0-301F-11D3-BF4B-00C04F79EFBC}") = "Assembly-CSharp-Editor", "Assembly-CSharp-Editor.csproj", "{49F9DE83-2114-7F80-AF8B-2DFFBA82DC0D}"
EndProject
Global
	GlobalSection(SolutionConfigurationPlatforms) = preSolution
		Debug|Any CPU = Debug|Any CPU
		Release|Any CPU = Release|Any CPU
	EndGlobalSection
	GlobalSection(ProjectConfigurationPlatforms) = postSolution
		{A213FDE2-DBEA-7293-438C-47CC42254740}.Debug|Any CPU.ActiveCfg = Debug|Any CPU
		{A213FDE2-DBEA-7293-438C-47CC42254740}.Debug|Any CPU.Build.0 = Debug|Any CPU
		{A213FDE2-DBEA-7293-438C-47CC42254740}.Release|Any CPU.ActiveCfg = Release|Any CPU
		{A213FDE2-DBEA-7293-438C-47CC42254740}.Release|Any CPU.Build.0 = Release|Any CPU
		{49F9DE83-2114-7F80-AF8B-2DFFBA82DC0D}.Debug|Any CPU.ActiveCfg = Debug|Any CPU
		{49F9DE83-2114-7F80-AF8B-2DFFBA82DC0D}.Debug|Any CPU.Build.0 = Debug|Any CPU
		{49F9DE83-2114-7F80-AF8B-2DFFBA82DC0D}.Release|Any CPU.ActiveCfg = Release|Any CPU
		{49F9DE83-2114-7F80-AF8B-2DFFBA82DC0D}.Release|Any CPU.Build.0 = Release|Any CPU
	EndGlobalSection
	GlobalSection(SolutionProperties) = preSolution
		HideSolutionNode = FALSE
	EndGlobalSection
	GlobalSection(MonoDevelopProperties) = preSolution
		StartupItem = Assembly-CSharp.csproj
	EndGlobalSection
EndGlobal
